
Microsoft Visual Studio Solution File, Format Version 12.00
# Visual Studio Version 17
VisualStudioVersion = 17.4.33110.190
MinimumVisualStudioVersion = 10.0.40219.1
Project("{FAE04EC0-301F-11D3-BF4B-00C04F79EFBC}") = "VASProjekt", "VASProjekt\VASProjekt.csproj", "{648FF508-96E0-425F-A045-DD6FB4CDA552}"
EndProject
Global
	GlobalSection(SolutionConfigurationPlatforms) = preSolution
		Debug|Any CPU = Debug|Any CPU
		Release|Any CPU = Release|Any CPU
	EndGlobalSection
	GlobalSection(ProjectConfigurationPlatforms) = postSolution
		{648FF508-96E0-425F-A045-DD6FB4CDA552}.Debug|Any CPU.ActiveCfg = Debug|Any CPU
		{648FF508-96E0-425F-A045-DD6FB4CDA552}.Debug|Any CPU.Build.0 = Debug|Any CPU
		{648FF508-96E0-425F-A045-DD6FB4CDA552}.Release|Any CPU.ActiveCfg = Release|Any CPU
		{648FF508-96E0-425F-A045-DD6FB4CDA552}.Release|Any CPU.Build.0 = Release|Any CPU
	EndGlobalSection
	GlobalSection(SolutionProperties) = preSolution
		HideSolutionNode = FALSE
	EndGlobalSection
	GlobalSection(ExtensibilityGlobals) = postSolution
		SolutionGuid = {B062B19C-0CEB-4FA1-B5DB-F9C94ED33839}
	EndGlobalSection
EndGlobal
